
Microsoft Visual Studio Solution File, Format Version 12.00
# Visual Studio Version 16
VisualStudioVersion = 16.0.30611.23
MinimumVisualStudioVersion = 10.0.40219.1
Project("{9A19103F-16F7-4668-BE54-9A1E7A4F7556}") = "FYPTesting", "FYPTesting\FYPTesting.csproj", "{D2E7A350-3E3F-41BC-BCEE-1C4792ACA427}"
EndProject
Project("{9A19103F-16F7-4668-BE54-9A1E7A4F7556}") = "L02", "L02\L02.csproj", "{6948786A-30DB-4C32-A1A1-2D0A48861D0E}"
EndProject
Project("{9A19103F-16F7-4668-BE54-9A1E7A4F7556}") = "L03", "L03\L03.csproj", "{289DD6F4-6156-4879-A654-A5BA46AF0F7E}"
EndProject
Project("{9A19103F-16F7-4668-BE54-9A1E7A4F7556}") = "L04", "L04\L04.csproj", "{9C774D73-B1EF-49E7-A4EB-537D0D677372}"
EndProject
Project("{9A19103F-16F7-4668-BE54-9A1E7A4F7556}") = "L05", "L05\L05.csproj", "{C846DB8B-16EB-40EA-B1AA-78F88331D277}"
EndProject
Project("{9A19103F-16F7-4668-BE54-9A1E7A4F7556}") = "L06", "L06\L06.csproj", "{CC00AE26-18AB-4228-9895-1B1A422AEBD8}"
EndProject
Project("{9A19103F-16F7-4668-BE54-9A1E7A4F7556}") = "L07", "L07\L07.csproj", "{920737EE-FEA9-466E-8274-637D695F7783}"
EndProject
Project("{9A19103F-16F7-4668-BE54-9A1E7A4F7556}") = "L08", "L08\L08.csproj", "{E0080D48-1324-4C91-9AC1-C034A40D8922}"
EndProject
Project("{9A19103F-16F7-4668-BE54-9A1E7A4F7556}") = "L09", "L09\L09.csproj", "{D026D451-EBEE-4BD1-8C62-50F96F39504C}"
EndProject
Project("{9A19103F-16F7-4668-BE54-9A1E7A4F7556}") = "L10", "L10\L10.csproj", "{BB0B5BAD-52B3-413C-A25F-241AAC259B70}"
EndProject
Project("{9A19103F-16F7-4668-BE54-9A1E7A4F7556}") = "SA14", "SA14\SA14.csproj", "{19940ADB-0035-453D-9E05-FF146E3B2AA5}"
EndProject
Project("{9A19103F-16F7-4668-BE54-9A1E7A4F7556}") = "L11", "L11\L11.csproj", "{94985AE7-D3C6-48BC-9F77-48395C368887}"
EndProject
Project("{9A19103F-16F7-4668-BE54-9A1E7A4F7556}") = "L12", "L12\L12.csproj", "{4D3FE9ED-849D-4775-840B-F7E0AE6C2BA4}"
EndProject
Project("{9A19103F-16F7-4668-BE54-9A1E7A4F7556}") = "L13", "L13\L13.csproj", "{0DCA2F93-6CB9-4FD7-9AE9-D2B86F56D643}"
EndProject
Project("{9A19103F-16F7-4668-BE54-9A1E7A4F7556}") = "FYP", "FYP\FYP.csproj", "{E6A9E6F1-D5A7-488B-9D57-F3C1A2B9C64E}"
EndProject
Global
	GlobalSection(SolutionConfigurationPlatforms) = preSolution
		Debug|Any CPU = Debug|Any CPU
		Release|Any CPU = Release|Any CPU
	EndGlobalSection
	GlobalSection(ProjectConfigurationPlatforms) = postSolution
		{D2E7A350-3E3F-41BC-BCEE-1C4792ACA427}.Debug|Any CPU.ActiveCfg = Debug|Any CPU
		{D2E7A350-3E3F-41BC-BCEE-1C4792ACA427}.Debug|Any CPU.Build.0 = Debug|Any CPU
		{D2E7A350-3E3F-41BC-BCEE-1C4792ACA427}.Release|Any CPU.ActiveCfg = Release|Any CPU
		{D2E7A350-3E3F-41BC-BCEE-1C4792ACA427}.Release|Any CPU.Build.0 = Release|Any CPU
		{6948786A-30DB-4C32-A1A1-2D0A48861D0E}.Debug|Any CPU.ActiveCfg = Debug|Any CPU
		{6948786A-30DB-4C32-A1A1-2D0A48861D0E}.Debug|Any CPU.Build.0 = Debug|Any CPU
		{6948786A-30DB-4C32-A1A1-2D0A48861D0E}.Release|Any CPU.ActiveCfg = Release|Any CPU
		{6948786A-30DB-4C32-A1A1-2D0A48861D0E}.Release|Any CPU.Build.0 = Release|Any CPU
		{289DD6F4-6156-4879-A654-A5BA46AF0F7E}.Debug|Any CPU.ActiveCfg = Debug|Any CPU
		{289DD6F4-6156-4879-A654-A5BA46AF0F7E}.Debug|Any CPU.Build.0 = Debug|Any CPU
		{289DD6F4-6156-4879-A654-A5BA46AF0F7E}.Release|Any CPU.ActiveCfg = Release|Any CPU
		{289DD6F4-6156-4879-A654-A5BA46AF0F7E}.Release|Any CPU.Build.0 = Release|Any CPU
		{9C774D73-B1EF-49E7-A4EB-537D0D677372}.Debug|Any CPU.ActiveCfg = Debug|Any CPU
		{9C774D73-B1EF-49E7-A4EB-537D0D677372}.Debug|Any CPU.Build.0 = Debug|Any CPU
		{9C774D73-B1EF-49E7-A4EB-537D0D677372}.Release|Any CPU.ActiveCfg = Release|Any CPU
		{9C774D73-B1EF-49E7-A4EB-537D0D677372}.Release|Any CPU.Build.0 = Release|Any CPU
		{C846DB8B-16EB-40EA-B1AA-78F88331D277}.Debug|Any CPU.ActiveCfg = Debug|Any CPU
		{C846DB8B-16EB-40EA-B1AA-78F88331D277}.Debug|Any CPU.Build.0 = Debug|Any CPU
		{C846DB8B-16EB-40EA-B1AA-78F88331D277}.Release|Any CPU.ActiveCfg = Release|Any CPU
		{C846DB8B-16EB-40EA-B1AA-78F88331D277}.Release|Any CPU.Build.0 = Release|Any CPU
		{CC00AE26-18AB-4228-9895-1B1A422AEBD8}.Debug|Any CPU.ActiveCfg = Debug|Any CPU
		{CC00AE26-18AB-4228-9895-1B1A422AEBD8}.Debug|Any CPU.Build.0 = Debug|Any CPU
		{CC00AE26-18AB-4228-9895-1B1A422AEBD8}.Release|Any CPU.ActiveCfg = Release|Any CPU
		{CC00AE26-18AB-4228-9895-1B1A422AEBD8}.Release|Any CPU.Build.0 = Release|Any CPU
		{920737EE-FEA9-466E-8274-637D695F7783}.Debug|Any CPU.ActiveCfg = Debug|Any CPU
		{920737EE-FEA9-466E-8274-637D695F7783}.Debug|Any CPU.Build.0 = Debug|Any CPU
		{920737EE-FEA9-466E-8274-637D695F7783}.Release|Any CPU.ActiveCfg = Release|Any CPU
		{920737EE-FEA9-466E-8274-637D695F7783}.Release|Any CPU.Build.0 = Release|Any CPU
		{E0080D48-1324-4C91-9AC1-C034A40D8922}.Debug|Any CPU.ActiveCfg = Debug|Any CPU
		{E0080D48-1324-4C91-9AC1-C034A40D8922}.Debug|Any CPU.Build.0 = Debug|Any CPU
		{E0080D48-1324-4C91-9AC1-C034A40D8922}.Release|Any CPU.ActiveCfg = Release|Any CPU
		{E0080D48-1324-4C91-9AC1-C034A40D8922}.Release|Any CPU.Build.0 = Release|Any CPU
		{D026D451-EBEE-4BD1-8C62-50F96F39504C}.Debug|Any CPU.ActiveCfg = Debug|Any CPU
		{D026D451-EBEE-4BD1-8C62-50F96F39504C}.Debug|Any CPU.Build.0 = Debug|Any CPU
		{D026D451-EBEE-4BD1-8C62-50F96F39504C}.Release|Any CPU.ActiveCfg = Release|Any CPU
		{D026D451-EBEE-4BD1-8C62-50F96F39504C}.Release|Any CPU.Build.0 = Release|Any CPU
		{BB0B5BAD-52B3-413C-A25F-241AAC259B70}.Debug|Any CPU.ActiveCfg = Debug|Any CPU
		{BB0B5BAD-52B3-413C-A25F-241AAC259B70}.Debug|Any CPU.Build.0 = Debug|Any CPU
		{BB0B5BAD-52B3-413C-A25F-241AAC259B70}.Release|Any CPU.ActiveCfg = Release|Any CPU
		{BB0B5BAD-52B3-413C-A25F-241AAC259B70}.Release|Any CPU.Build.0 = Release|Any CPU
		{19940ADB-0035-453D-9E05-FF146E3B2AA5}.Debug|Any CPU.ActiveCfg = Debug|Any CPU
		{19940ADB-0035-453D-9E05-FF146E3B2AA5}.Debug|Any CPU.Build.0 = Debug|Any CPU
		{19940ADB-0035-453D-9E05-FF146E3B2AA5}.Release|Any CPU.ActiveCfg = Release|Any CPU
		{19940ADB-0035-453D-9E05-FF146E3B2AA5}.Release|Any CPU.Build.0 = Release|Any CPU
		{94985AE7-D3C6-48BC-9F77-48395C368887}.Debug|Any CPU.ActiveCfg = Debug|Any CPU
		{94985AE7-D3C6-48BC-9F77-48395C368887}.Debug|Any CPU.Build.0 = Debug|Any CPU
		{94985AE7-D3C6-48BC-9F77-48395C368887}.Release|Any CPU.ActiveCfg = Release|Any CPU
		{94985AE7-D3C6-48BC-9F77-48395C368887}.Release|Any CPU.Build.0 = Release|Any CPU
		{4D3FE9ED-849D-4775-840B-F7E0AE6C2BA4}.Debug|Any CPU.ActiveCfg = Debug|Any CPU
		{4D3FE9ED-849D-4775-840B-F7E0AE6C2BA4}.Debug|Any CPU.Build.0 = Debug|Any CPU
		{4D3FE9ED-849D-4775-840B-F7E0AE6C2BA4}.Release|Any CPU.ActiveCfg = Release|Any CPU
		{4D3FE9ED-849D-4775-840B-F7E0AE6C2BA4}.Release|Any CPU.Build.0 = Release|Any CPU
		{0DCA2F93-6CB9-4FD7-9AE9-D2B86F56D643}.Debug|Any CPU.ActiveCfg = Debug|Any CPU
		{0DCA2F93-6CB9-4FD7-9AE9-D2B86F56D643}.Debug|Any CPU.Build.0 = Debug|Any CPU
		{0DCA2F93-6CB9-4FD7-9AE9-D2B86F56D643}.Release|Any CPU.ActiveCfg = Release|Any CPU
		{0DCA2F93-6CB9-4FD7-9AE9-D2B86F56D643}.Release|Any CPU.Build.0 = Release|Any CPU
		{E6A9E6F1-D5A7-488B-9D57-F3C1A2B9C64E}.Debug|Any CPU.ActiveCfg = Debug|Any CPU
		{E6A9E6F1-D5A7-488B-9D57-F3C1A2B9C64E}.Debug|Any CPU.Build.0 = Debug|Any CPU
		{E6A9E6F1-D5A7-488B-9D57-F3C1A2B9C64E}.Release|Any CPU.ActiveCfg = Release|Any CPU
		{E6A9E6F1-D5A7-488B-9D57-F3C1A2B9C64E}.Release|Any CPU.Build.0 = Release|Any CPU
	EndGlobalSection
	GlobalSection(SolutionProperties) = preSolution
		HideSolutionNode = FALSE
	EndGlobalSection
	GlobalSection(ExtensibilityGlobals) = postSolution
		SolutionGuid = {B7B0705C-5356-45B0-AA32-C9DD1DA0F83D}
	EndGlobalSection
EndGlobal
