
Microsoft Visual Studio Solution File, Format Version 12.00
# Visual Studio Version 16
VisualStudioVersion = 16.0.30611.23
MinimumVisualStudioVersion = 10.0.40219.1
Project("{9A19103F-16F7-4668-BE54-9A1E7A4F7556}") = "FYPTesting", "FYPTesting\FYPTesting.csproj", "{D2E7A350-3E3F-41BC-BCEE-1C4792ACA427}"
EndProject
Global
	GlobalSection(SolutionConfigurationPlatforms) = preSolution
		Debug|Any CPU = Debug|Any CPU
		Release|Any CPU = Release|Any CPU
	EndGlobalSection
	GlobalSection(ProjectConfigurationPlatforms) = postSolution
		{D2E7A350-3E3F-41BC-BCEE-1C4792ACA427}.Debug|Any CPU.ActiveCfg = Debug|Any CPU
		{D2E7A350-3E3F-41BC-BCEE-1C4792ACA427}.Debug|Any CPU.Build.0 = Debug|Any CPU
		{D2E7A350-3E3F-41BC-BCEE-1C4792ACA427}.Release|Any CPU.ActiveCfg = Release|Any CPU
		{D2E7A350-3E3F-41BC-BCEE-1C4792ACA427}.Release|Any CPU.Build.0 = Release|Any CPU
	EndGlobalSection
	GlobalSection(SolutionProperties) = preSolution
		HideSolutionNode = FALSE
	EndGlobalSection
	GlobalSection(ExtensibilityGlobals) = postSolution
		SolutionGuid = {B7B0705C-5356-45B0-AA32-C9DD1DA0F83D}
	EndGlobalSection
EndGlobal
